// !$*UTF8*$!
{
	archiveVersion = 1;
	classes = {
	};
	objectVersion = 50;
	objects = {

/* Begin PBXBuildFile section */
		2EF843D624C068EF00AE4A99 /* PageTabViewStyleApp.swift in Sources */ = {isa = PBXBuildFile; fileRef = 2EF843D524C068EF00AE4A99 /* PageTabViewStyleApp.swift */; };
		2EF843D824C068EF00AE4A99 /* ContentView.swift in Sources */ = {isa = PBXBuildFile; fileRef = 2EF843D724C068EF00AE4A99 /* ContentView.swift */; };
		2EF843DA24C068F000AE4A99 /* Assets.xcassets in Resources */ = {isa = PBXBuildFile; fileRef = 2EF843D924C068F000AE4A99 /* Assets.xcassets */; };
		2EF843DD24C068F000AE4A99 /* Preview Assets.xcassets in Resources */ = {isa = PBXBuildFile; fileRef = 2EF843DC24C068F000AE4A99 /* Preview Assets.xcassets */; };
		2EF843E824C068F000AE4A99 /* PageTabViewStyleTests.swift in Sources */ = {isa = PBXBuildFile; fileRef = 2EF843E724C068F000AE4A99 /* PageTabViewStyleTests.swift */; };
		2EF843F324C068F000AE4A99 /* PageTabViewStyleUITests.swift in Sources */ = {isa = PBXBuildFile; fileRef = 2EF843F224C068F000AE4A99 /* PageTabViewStyleUITests.swift */; };
/* End PBXBuildFile section */

/* Begin PBXContainerItemProxy section */
		2EF843E424C068F000AE4A99 /* PBXContainerItemProxy */ = {
			isa = PBXContainerItemProxy;
			containerPortal = 2EF843CA24C068EF00AE4A99 /* Project object */;
			proxyType = 1;
			remoteGlobalIDString = 2EF843D124C068EF00AE4A99;
			remoteInfo = PageTabViewStyle;
		};
		2EF843EF24C068F000AE4A99 /* PBXContainerItemProxy */ = {
			isa = PBXContainerItemProxy;
			containerPortal = 2EF843CA24C068EF00AE4A99 /* Project object */;
			proxyType = 1;
			remoteGlobalIDString = 2EF843D124C068EF00AE4A99;
			remoteInfo = PageTabViewStyle;
		};
/* End PBXContainerItemProxy section */

/* Begin PBXFileReference section */
		2EF843D224C068EF00AE4A99 /* PageTabViewStyle.app */ = {isa = PBXFileReference; explicitFileType = wrapper.application; includeInIndex = 0; path = PageTabViewStyle.app; sourceTree = BUILT_PRODUCTS_DIR; };
		2EF843D524C068EF00AE4A99 /* PageTabViewStyleApp.swift */ = {isa = PBXFileReference; lastKnownFileType = sourcecode.swift; path = PageTabViewStyleApp.swift; sourceTree = "<group>"; };
		2EF843D724C068EF00AE4A99 /* ContentView.swift */ = {isa = PBXFileReference; lastKnownFileType = sourcecode.swift; path = ContentView.swift; sourceTree = "<group>"; };
		2EF843D924C068F000AE4A99 /* Assets.xcassets */ = {isa = PBXFileReference; lastKnownFileType = folder.assetcatalog; path = Assets.xcassets; sourceTree = "<group>"; };
		2EF843DC24C068F000AE4A99 /* Preview Assets.xcassets */ = {isa = PBXFileReference; lastKnownFileType = folder.assetcatalog; path = "Preview Assets.xcassets"; sourceTree = "<group>"; };
		2EF843DE24C068F000AE4A99 /* Info.plist */ = {isa = PBXFileReference; lastKnownFileType = text.plist.xml; path = Info.plist; sourceTree = "<group>"; };
		2EF843E324C068F000AE4A99 /* PageTabViewStyleTests.xctest */ = {isa = PBXFileReference; explicitFileType = wrapper.cfbundle; includeInIndex = 0; path = PageTabViewStyleTests.xctest; sourceTree = BUILT_PRODUCTS_DIR; };
		2EF843E724C068F000AE4A99 /* PageTabViewStyleTests.swift */ = {isa = PBXFileReference; lastKnownFileType = sourcecode.swift; path = PageTabViewStyleTests.swift; sourceTree = "<group>"; };
		2EF843E924C068F000AE4A99 /* Info.plist */ = {isa = PBXFileReference; lastKnownFileType = text.plist.xml; path = Info.plist; sourceTree = "<group>"; };
		2EF843EE24C068F000AE4A99 /* PageTabViewStyleUITests.xctest */ = {isa = PBXFileReference; explicitFileType = wrapper.cfbundle; includeInIndex = 0; path = PageTabViewStyleUITests.xctest; sourceTree = BUILT_PRODUCTS_DIR; };
		2EF843F224C068F000AE4A99 /* PageTabViewStyleUITests.swift */ = {isa = PBXFileReference; lastKnownFileType = sourcecode.swift; path = PageTabViewStyleUITests.swift; sourceTree = "<group>"; };
		2EF843F424C068F000AE4A99 /* Info.plist */ = {isa = PBXFileReference; lastKnownFileType = text.plist.xml; path = Info.plist; sourceTree = "<group>"; };
/* End PBXFileReference section */

/* Begin PBXFrameworksBuildPhase section */
		2EF843CF24C068EF00AE4A99 /* Frameworks */ = {
			isa = PBXFrameworksBuildPhase;
			buildActionMask = 2147483647;
			files = (
			);
			runOnlyForDeploymentPostprocessing = 0;
		};
		2EF843E024C068F000AE4A99 /* Frameworks */ = {
			isa = PBXFrameworksBuildPhase;
			buildActionMask = 2147483647;
			files = (
			);
			runOnlyForDeploymentPostprocessing = 0;
		};
		2EF843EB24C068F000AE4A99 /* Frameworks */ = {
			isa = PBXFrameworksBuildPhase;
			buildActionMask = 2147483647;
			files = (
			);
			runOnlyForDeploymentPostprocessing = 0;
		};
/* End PBXFrameworksBuildPhase section */

/* Begin PBXGroup section */
		2EF843C924C068EF00AE4A99 = {
			isa = PBXGroup;
			children = (
				2EF843D424C068EF00AE4A99 /* PageTabViewStyle */,
				2EF843E624C068F000AE4A99 /* PageTabViewStyleTests */,
				2EF843F124C068F000AE4A99 /* PageTabViewStyleUITests */,
				2EF843D324C068EF00AE4A99 /* Products */,
			);
			sourceTree = "<group>";
		};
		2EF843D324C068EF00AE4A99 /* Products */ = {
			isa = PBXGroup;
			children = (
				2EF843D224C068EF00AE4A99 /* PageTabViewStyle.app */,
				2EF843E324C068F000AE4A99 /* PageTabViewStyleTests.xctest */,
				2EF843EE24C068F000AE4A99 /* PageTabViewStyleUITests.xctest */,
			);
			name = Products;
			sourceTree = "<group>";
		};
		2EF843D424C068EF00AE4A99 /* PageTabViewStyle */ = {
			isa = PBXGroup;
			children = (
				2EF843D524C068EF00AE4A99 /* PageTabViewStyleApp.swift */,
				2EF843D724C068EF00AE4A99 /* ContentView.swift */,
				2EF843D924C068F000AE4A99 /* Assets.xcassets */,
				2EF843DE24C068F000AE4A99 /* Info.plist */,
				2EF843DB24C068F000AE4A99 /* Preview Content */,
			);
			path = PageTabViewStyle;
			sourceTree = "<group>";
		};
		2EF843DB24C068F000AE4A99 /* Preview Content */ = {
			isa = PBXGroup;
			children = (
				2EF843DC24C068F000AE4A99 /* Preview Assets.xcassets */,
			);
			path = "Preview Content";
			sourceTree = "<group>";
		};
		2EF843E624C068F000AE4A99 /* PageTabViewStyleTests */ = {
			isa = PBXGroup;
			children = (
				2EF843E724C068F000AE4A99 /* PageTabViewStyleTests.swift */,
				2EF843E924C068F000AE4A99 /* Info.plist */,
			);
			path = PageTabViewStyleTests;
			sourceTree = "<group>";
		};
		2EF843F124C068F000AE4A99 /* PageTabViewStyleUITests */ = {
			isa = PBXGroup;
			children = (
				2EF843F224C068F000AE4A99 /* PageTabViewStyleUITests.swift */,
				2EF843F424C068F000AE4A99 /* Info.plist */,
			);
			path = PageTabViewStyleUITests;
			sourceTree = "<group>";
		};
/* End PBXGroup section */

/* Begin PBXNativeTarget section */
		2EF843D124C068EF00AE4A99 /* PageTabViewStyle */ = {
			isa = PBXNativeTarget;
			buildConfigurationList = 2EF843F724C068F000AE4A99 /* Build configuration list for PBXNativeTarget "PageTabViewStyle" */;
			buildPhases = (
				2EF843CE24C068EF00AE4A99 /* Sources */,
				2EF843CF24C068EF00AE4A99 /* Frameworks */,
				2EF843D024C068EF00AE4A99 /* Resources */,
			);
			buildRules = (
			);
			dependencies = (
			);
			name = PageTabViewStyle;
			productName = PageTabViewStyle;
			productReference = 2EF843D224C068EF00AE4A99 /* PageTabViewStyle.app */;
			productType = "com.apple.product-type.application";
		};
		2EF843E224C068F000AE4A99 /* PageTabViewStyleTests */ = {
			isa = PBXNativeTarget;
			buildConfigurationList = 2EF843FA24C068F000AE4A99 /* Build configuration list for PBXNativeTarget "PageTabViewStyleTests" */;
			buildPhases = (
				2EF843DF24C068F000AE4A99 /* Sources */,
				2EF843E024C068F000AE4A99 /* Frameworks */,
				2EF843E124C068F000AE4A99 /* Resources */,
			);
			buildRules = (
			);
			dependencies = (
				2EF843E524C068F000AE4A99 /* PBXTargetDependency */,
			);
			name = PageTabViewStyleTests;
			productName = PageTabViewStyleTests;
			productReference = 2EF843E324C068F000AE4A99 /* PageTabViewStyleTests.xctest */;
			productType = "com.apple.product-type.bundle.unit-test";
		};
		2EF843ED24C068F000AE4A99 /* PageTabViewStyleUITests */ = {
			isa = PBXNativeTarget;
			buildConfigurationList = 2EF843FD24C068F000AE4A99 /* Build configuration list for PBXNativeTarget "PageTabViewStyleUITests" */;
			buildPhases = (
				2EF843EA24C068F000AE4A99 /* Sources */,
				2EF843EB24C068F000AE4A99 /* Frameworks */,
				2EF843EC24C068F000AE4A99 /* Resources */,
			);
			buildRules = (
			);
			dependencies = (
				2EF843F024C068F000AE4A99 /* PBXTargetDependency */,
			);
			name = PageTabViewStyleUITests;
			productName = PageTabViewStyleUITests;
			productReference = 2EF843EE24C068F000AE4A99 /* PageTabViewStyleUITests.xctest */;
			productType = "com.apple.product-type.bundle.ui-testing";
		};
/* End PBXNativeTarget section */

/* Begin PBXProject section */
		2EF843CA24C068EF00AE4A99 /* Project object */ = {
			isa = PBXProject;
			attributes = {
				LastSwiftUpdateCheck = 1200;
				LastUpgradeCheck = 1200;
				TargetAttributes = {
					2EF843D124C068EF00AE4A99 = {
						CreatedOnToolsVersion = 12.0;
					};
					2EF843E224C068F000AE4A99 = {
						CreatedOnToolsVersion = 12.0;
						TestTargetID = 2EF843D124C068EF00AE4A99;
					};
					2EF843ED24C068F000AE4A99 = {
						CreatedOnToolsVersion = 12.0;
						TestTargetID = 2EF843D124C068EF00AE4A99;
					};
				};
			};
			buildConfigurationList = 2EF843CD24C068EF00AE4A99 /* Build configuration list for PBXProject "PageTabViewStyle" */;
			compatibilityVersion = "Xcode 9.3";
			developmentRegion = en;
			hasScannedForEncodings = 0;
			knownRegions = (
				en,
				Base,
			);
			mainGroup = 2EF843C924C068EF00AE4A99;
			productRefGroup = 2EF843D324C068EF00AE4A99 /* Products */;
			projectDirPath = "";
			projectRoot = "";
			targets = (
				2EF843D124C068EF00AE4A99 /* PageTabViewStyle */,
				2EF843E224C068F000AE4A99 /* PageTabViewStyleTests */,
				2EF843ED24C068F000AE4A99 /* PageTabViewStyleUITests */,
			);
		};
/* End PBXProject section */

/* Begin PBXResourcesBuildPhase section */
		2EF843D024C068EF00AE4A99 /* Resources */ = {
			isa = PBXResourcesBuildPhase;
			buildActionMask = 2147483647;
			files = (
				2EF843DD24C068F000AE4A99 /* Preview Assets.xcassets in Resources */,
				2EF843DA24C068F000AE4A99 /* Assets.xcassets in Resources */,
			);
			runOnlyForDeploymentPostprocessing = 0;
		};
		2EF843E124C068F000AE4A99 /* Resources */ = {
			isa = PBXResourcesBuildPhase;
			buildActionMask = 2147483647;
			files = (
			);
			runOnlyForDeploymentPostprocessing = 0;
		};
		2EF843EC24C068F000AE4A99 /* Resources */ = {
			isa = PBXResourcesBuildPhase;
			buildActionMask = 2147483647;
			files = (
			);
			runOnlyForDeploymentPostprocessing = 0;
		};
/* End PBXResourcesBuildPhase section */

/* Begin PBXSourcesBuildPhase section */
		2EF843CE24C068EF00AE4A99 /* Sources */ = {
			isa = PBXSourcesBuildPhase;
			buildActionMask = 2147483647;
			files = (
				2EF843D824C068EF00AE4A99 /* ContentView.swift in Sources */,
				2EF843D624C068EF00AE4A99 /* PageTabViewStyleApp.swift in Sources */,
			);
			runOnlyForDeploymentPostprocessing = 0;
		};
		2EF843DF24C068F000AE4A99 /* Sources */ = {
			isa = PBXSourcesBuildPhase;
			buildActionMask = 2147483647;
			files = (
				2EF843E824C068F000AE4A99 /* PageTabViewStyleTests.swift in Sources */,
			);
			runOnlyForDeploymentPostprocessing = 0;
		};
		2EF843EA24C068F000AE4A99 /* Sources */ = {
			isa = PBXSourcesBuildPhase;
			buildActionMask = 2147483647;
			files = (
				2EF843F324C068F000AE4A99 /* PageTabViewStyleUITests.swift in Sources */,
			);
			runOnlyForDeploymentPostprocessing = 0;
		};
/* End PBXSourcesBuildPhase section */

/* Begin PBXTargetDependency section */
		2EF843E524C068F000AE4A99 /* PBXTargetDependency */ = {
			isa = PBXTargetDependency;
			target = 2EF843D124C068EF00AE4A99 /* PageTabViewStyle */;
			targetProxy = 2EF843E424C068F000AE4A99 /* PBXContainerItemProxy */;
		};
		2EF843F024C068F000AE4A99 /* PBXTargetDependency */ = {
			isa = PBXTargetDependency;
			target = 2EF843D124C068EF00AE4A99 /* PageTabViewStyle */;
			targetProxy = 2EF843EF24C068F000AE4A99 /* PBXContainerItemProxy */;
		};
/* End PBXTargetDependency section */

/* Begin XCBuildConfiguration section */
		2EF843F524C068F000AE4A99 /* Debug */ = {
			isa = XCBuildConfiguration;
			buildSettings = {
				ALWAYS_SEARCH_USER_PATHS = NO;
				CLANG_ANALYZER_NONNULL = YES;
				CLANG_ANALYZER_NUMBER_OBJECT_CONVERSION = YES_AGGRESSIVE;
				CLANG_CXX_LANGUAGE_STANDARD = "gnu++14";
				CLANG_CXX_LIBRARY = "libc++";
				CLANG_ENABLE_MODULES = YES;
				CLANG_ENABLE_OBJC_ARC = YES;
				CLANG_ENABLE_OBJC_WEAK = YES;
				CLANG_WARN_BLOCK_CAPTURE_AUTORELEASING = YES;
				CLANG_WARN_BOOL_CONVERSION = YES;
				CLANG_WARN_COMMA = YES;
				CLANG_WARN_CONSTANT_CONVERSION = YES;
				CLANG_WARN_DEPRECATED_OBJC_IMPLEMENTATIONS = YES;
				CLANG_WARN_DIRECT_OBJC_ISA_USAGE = YES_ERROR;
				CLANG_WARN_DOCUMENTATION_COMMENTS = YES;
				CLANG_WARN_EMPTY_BODY = YES;
				CLANG_WARN_ENUM_CONVERSION = YES;
				CLANG_WARN_INFINITE_RECURSION = YES;
				CLANG_WARN_INT_CONVERSION = YES;
				CLANG_WARN_NON_LITERAL_NULL_CONVERSION = YES;
				CLANG_WARN_OBJC_IMPLICIT_RETAIN_SELF = YES;
				CLANG_WARN_OBJC_LITERAL_CONVERSION = YES;
				CLANG_WARN_OBJC_ROOT_CLASS = YES_ERROR;
				CLANG_WARN_QUOTED_INCLUDE_IN_FRAMEWORK_HEADER = YES;
				CLANG_WARN_RANGE_LOOP_ANALYSIS = YES;
				CLANG_WARN_STRICT_PROTOTYPES = YES;
				CLANG_WARN_SUSPICIOUS_MOVE = YES;
				CLANG_WARN_UNGUARDED_AVAILABILITY = YES_AGGRESSIVE;
				CLANG_WARN_UNREACHABLE_CODE = YES;
				CLANG_WARN__DUPLICATE_METHOD_MATCH = YES;
				COPY_PHASE_STRIP = NO;
				DEBUG_INFORMATION_FORMAT = dwarf;
				ENABLE_STRICT_OBJC_MSGSEND = YES;
				ENABLE_TESTABILITY = YES;
				GCC_C_LANGUAGE_STANDARD = gnu11;
				GCC_DYNAMIC_NO_PIC = NO;
				GCC_NO_COMMON_BLOCKS = YES;
				GCC_OPTIMIZATION_LEVEL = 0;
				GCC_PREPROCESSOR_DEFINITIONS = (
					"DEBUG=1",
					"$(inherited)",
				);
				GCC_WARN_64_TO_32_BIT_CONVERSION = YES;
				GCC_WARN_ABOUT_RETURN_TYPE = YES_ERROR;
				GCC_WARN_UNDECLARED_SELECTOR = YES;
				GCC_WARN_UNINITIALIZED_AUTOS = YES_AGGRESSIVE;
				GCC_WARN_UNUSED_FUNCTION = YES;
				GCC_WARN_UNUSED_VARIABLE = YES;
				IPHONEOS_DEPLOYMENT_TARGET = 14.0;
				MTL_ENABLE_DEBUG_INFO = INCLUDE_SOURCE;
				MTL_FAST_MATH = YES;
				ONLY_ACTIVE_ARCH = YES;
				SDKROOT = iphoneos;
				SWIFT_ACTIVE_COMPILATION_CONDITIONS = DEBUG;
				SWIFT_OPTIMIZATION_LEVEL = "-Onone";
			};
			name = Debug;
		};
		2EF843F624C068F000AE4A99 /* Release */ = {
			isa = XCBuildConfiguration;
			buildSettings = {
				ALWAYS_SEARCH_USER_PATHS = NO;
				CLANG_ANALYZER_NONNULL = YES;
				CLANG_ANALYZER_NUMBER_OBJECT_CONVERSION = YES_AGGRESSIVE;
				CLANG_CXX_LANGUAGE_STANDARD = "gnu++14";
				CLANG_CXX_LIBRARY = "libc++";
				CLANG_ENABLE_MODULES = YES;
				CLANG_ENABLE_OBJC_ARC = YES;
				CLANG_ENABLE_OBJC_WEAK = YES;
				CLANG_WARN_BLOCK_CAPTURE_AUTORELEASING = YES;
				CLANG_WARN_BOOL_CONVERSION = YES;
				CLANG_WARN_COMMA = YES;
				CLANG_WARN_CONSTANT_CONVERSION = YES;
				CLANG_WARN_DEPRECATED_OBJC_IMPLEMENTATIONS = YES;
				CLANG_WARN_DIRECT_OBJC_ISA_USAGE = YES_ERROR;
				CLANG_WARN_DOCUMENTATION_COMMENTS = YES;
				CLANG_WARN_EMPTY_BODY = YES;
				CLANG_WARN_ENUM_CONVERSION = YES;
				CLANG_WARN_INFINITE_RECURSION = YES;
				CLANG_WARN_INT_CONVERSION = YES;
				CLANG_WARN_NON_LITERAL_NULL_CONVERSION = YES;
				CLANG_WARN_OBJC_IMPLICIT_RETAIN_SELF = YES;
				CLANG_WARN_OBJC_LITERAL_CONVERSION = YES;
				CLANG_WARN_OBJC_ROOT_CLASS = YES_ERROR;
				CLANG_WARN_QUOTED_INCLUDE_IN_FRAMEWORK_HEADER = YES;
				CLANG_WARN_RANGE_LOOP_ANALYSIS = YES;
				CLANG_WARN_STRICT_PROTOTYPES = YES;
				CLANG_WARN_SUSPICIOUS_MOVE = YES;
				CLANG_WARN_UNGUARDED_AVAILABILITY = YES_AGGRESSIVE;
				CLANG_WARN_UNREACHABLE_CODE = YES;
				CLANG_WARN__DUPLICATE_METHOD_MATCH = YES;
				COPY_PHASE_STRIP = NO;
				DEBUG_INFORMATION_FORMAT = "dwarf-with-dsym";
				ENABLE_NS_ASSERTIONS = NO;
				ENABLE_STRICT_OBJC_MSGSEND = YES;
				GCC_C_LANGUAGE_STANDARD = gnu11;
				GCC_NO_COMMON_BLOCKS = YES;
				GCC_WARN_64_TO_32_BIT_CONVERSION = YES;
				GCC_WARN_ABOUT_RETURN_TYPE = YES_ERROR;
				GCC_WARN_UNDECLARED_SELECTOR = YES;
				GCC_WARN_UNINITIALIZED_AUTOS = YES_AGGRESSIVE;
				GCC_WARN_UNUSED_FUNCTION = YES;
				GCC_WARN_UNUSED_VARIABLE = YES;
				IPHONEOS_DEPLOYMENT_TARGET = 14.0;
				MTL_ENABLE_DEBUG_INFO = NO;
				MTL_FAST_MATH = YES;
				SDKROOT = iphoneos;
				SWIFT_COMPILATION_MODE = wholemodule;
				SWIFT_OPTIMIZATION_LEVEL = "-O";
				VALIDATE_PRODUCT = YES;
			};
			name = Release;
		};
		2EF843F824C068F000AE4A99 /* Debug */ = {
			isa = XCBuildConfiguration;
			buildSettings = {
				ASSETCATALOG_COMPILER_APPICON_NAME = AppIcon;
				ASSETCATALOG_COMPILER_GLOBAL_ACCENT_COLOR_NAME = AccentColor;
				CODE_SIGN_STYLE = Automatic;
				DEVELOPMENT_ASSET_PATHS = "\"PageTabViewStyle/Preview Content\"";
				DEVELOPMENT_TEAM = ZPKHN9888S;
				ENABLE_PREVIEWS = YES;
				INFOPLIST_FILE = PageTabViewStyle/Info.plist;
				IPHONEOS_DEPLOYMENT_TARGET = 14.0;
				LD_RUNPATH_SEARCH_PATHS = (
					"$(inherited)",
					"@executable_path/Frameworks",
				);
				PRODUCT_BUNDLE_IDENTIFIER = com.ergene.PageTabViewStyle.PageTabViewStyle;
				PRODUCT_NAME = "$(TARGET_NAME)";
				SWIFT_VERSION = 5.0;
				TARGETED_DEVICE_FAMILY = "1,2";
			};
			name = Debug;
		};
		2EF843F924C068F000AE4A99 /* Release */ = {
			isa = XCBuildConfiguration;
			buildSettings = {
				ASSETCATALOG_COMPILER_APPICON_NAME = AppIcon;
				ASSETCATALOG_COMPILER_GLOBAL_ACCENT_COLOR_NAME = AccentColor;
				CODE_SIGN_STYLE = Automatic;
				DEVELOPMENT_ASSET_PATHS = "\"PageTabViewStyle/Preview Content\"";
				DEVELOPMENT_TEAM = ZPKHN9888S;
				ENABLE_PREVIEWS = YES;
				INFOPLIST_FILE = PageTabViewStyle/Info.plist;
				IPHONEOS_DEPLOYMENT_TARGET = 14.0;
				LD_RUNPATH_SEARCH_PATHS = (
					"$(inherited)",
					"@executable_path/Frameworks",
				);
				PRODUCT_BUNDLE_IDENTIFIER = com.ergene.PageTabViewStyle.PageTabViewStyle;
				PRODUCT_NAME = "$(TARGET_NAME)";
				SWIFT_VERSION = 5.0;
				TARGETED_DEVICE_FAMILY = "1,2";
			};
			name = Release;
		};
		2EF843FB24C068F000AE4A99 /* Debug */ = {
			isa = XCBuildConfiguration;
			buildSettings = {
				ALWAYS_EMBED_SWIFT_STANDARD_LIBRARIES = YES;
				BUNDLE_LOADER = "$(TEST_HOST)";
				CODE_SIGN_STYLE = Automatic;
				DEVELOPMENT_TEAM = ZPKHN9888S;
				INFOPLIST_FILE = PageTabViewStyleTests/Info.plist;
				IPHONEOS_DEPLOYMENT_TARGET = 14.0;
				LD_RUNPATH_SEARCH_PATHS = (
					"$(inherited)",
					"@executable_path/Frameworks",
					"@loader_path/Frameworks",
				);
				PRODUCT_BUNDLE_IDENTIFIER = com.ergene.PageTabViewStyle.PageTabViewStyleTests;
				PRODUCT_NAME = "$(TARGET_NAME)";
				SWIFT_VERSION = 5.0;
				TARGETED_DEVICE_FAMILY = "1,2";
				TEST_HOST = "$(BUILT_PRODUCTS_DIR)/PageTabViewStyle.app/PageTabViewStyle";
			};
			name = Debug;
		};
		2EF843FC24C068F000AE4A99 /* Release */ = {
			isa = XCBuildConfiguration;
			buildSettings = {
				ALWAYS_EMBED_SWIFT_STANDARD_LIBRARIES = YES;
				BUNDLE_LOADER = "$(TEST_HOST)";
				CODE_SIGN_STYLE = Automatic;
				DEVELOPMENT_TEAM = ZPKHN9888S;
				INFOPLIST_FILE = PageTabViewStyleTests/Info.plist;
				IPHONEOS_DEPLOYMENT_TARGET = 14.0;
				LD_RUNPATH_SEARCH_PATHS = (
					"$(inherited)",
					"@executable_path/Frameworks",
					"@loader_path/Frameworks",
				);
				PRODUCT_BUNDLE_IDENTIFIER = com.ergene.PageTabViewStyle.PageTabViewStyleTests;
				PRODUCT_NAME = "$(TARGET_NAME)";
				SWIFT_VERSION = 5.0;
				TARGETED_DEVICE_FAMILY = "1,2";
				TEST_HOST = "$(BUILT_PRODUCTS_DIR)/PageTabViewStyle.app/PageTabViewStyle";
			};
			name = Release;
		};
		2EF843FE24C068F000AE4A99 /* Debug */ = {
			isa = XCBuildConfiguration;
			buildSettings = {
				ALWAYS_EMBED_SWIFT_STANDARD_LIBRARIES = YES;
				CODE_SIGN_STYLE = Automatic;
				DEVELOPMENT_TEAM = ZPKHN9888S;
				INFOPLIST_FILE = PageTabViewStyleUITests/Info.plist;
				LD_RUNPATH_SEARCH_PATHS = (
					"$(inherited)",
					"@executable_path/Frameworks",
					"@loader_path/Frameworks",
				);
				PRODUCT_BUNDLE_IDENTIFIER = com.ergene.PageTabViewStyle.PageTabViewStyleUITests;
				PRODUCT_NAME = "$(TARGET_NAME)";
				SWIFT_VERSION = 5.0;
				TARGETED_DEVICE_FAMILY = "1,2";
				TEST_TARGET_NAME = PageTabViewStyle;
			};
			name = Debug;
		};
		2EF843FF24C068F000AE4A99 /* Release */ = {
			isa = XCBuildConfiguration;
			buildSettings = {
				ALWAYS_EMBED_SWIFT_STANDARD_LIBRARIES = YES;
				CODE_SIGN_STYLE = Automatic;
				DEVELOPMENT_TEAM = ZPKHN9888S;
				INFOPLIST_FILE = PageTabViewStyleUITests/Info.plist;
				LD_RUNPATH_SEARCH_PATHS = (
					"$(inherited)",
					"@executable_path/Frameworks",
					"@loader_path/Frameworks",
				);
				PRODUCT_BUNDLE_IDENTIFIER = com.ergene.PageTabViewStyle.PageTabViewStyleUITests;
				PRODUCT_NAME = "$(TARGET_NAME)";
				SWIFT_VERSION = 5.0;
				TARGETED_DEVICE_FAMILY = "1,2";
				TEST_TARGET_NAME = PageTabViewStyle;
			};
			name = Release;
		};
/* End XCBuildConfiguration section */

/* Begin XCConfigurationList section */
		2EF843CD24C068EF00AE4A99 /* Build configuration list for PBXProject "PageTabViewStyle" */ = {
			isa = XCConfigurationList;
			buildConfigurations = (
				2EF843F524C068F000AE4A99 /* Debug */,
				2EF843F624C068F000AE4A99 /* Release */,
			);
			defaultConfigurationIsVisible = 0;
			defaultConfigurationName = Release;
		};
		2EF843F724C068F000AE4A99 /* Build configuration list for PBXNativeTarget "PageTabViewStyle" */ = {
			isa = XCConfigurationList;
			buildConfigurations = (
				2EF843F824C068F000AE4A99 /* Debug */,
				2EF843F924C068F000AE4A99 /* Release */,
			);
			defaultConfigurationIsVisible = 0;
			defaultConfigurationName = Release;
		};
		2EF843FA24C068F000AE4A99 /* Build configuration list for PBXNativeTarget "PageTabViewStyleTests" */ = {
			isa = XCConfigurationList;
			buildConfigurations = (
				2EF843FB24C068F000AE4A99 /* Debug */,
				2EF843FC24C068F000AE4A99 /* Release */,
			);
			defaultConfigurationIsVisible = 0;
			defaultConfigurationName = Release;
		};
		2EF843FD24C068F000AE4A99 /* Build configuration list for PBXNativeTarget "PageTabViewStyleUITests" */ = {
			isa = XCConfigurationList;
			buildConfigurations = (
				2EF843FE24C068F000AE4A99 /* Debug */,
				2EF843FF24C068F000AE4A99 /* Release */,
			);
			defaultConfigurationIsVisible = 0;
			defaultConfigurationName = Release;
		};
/* End XCConfigurationList section */
	};
	rootObject = 2EF843CA24C068EF00AE4A99 /* Project object */;
}
