// !$*UTF8*$!
{
	archiveVersion = 1;
	classes = {
	};
	objectVersion = 50;
	objects = {

/* Begin PBXBuildFile section */
		2E0A24E524CA31D2002DF34C /* SceneStorageExam1App.swift in Sources */ = {isa = PBXBuildFile; fileRef = 2E0A24E424CA31D2002DF34C /* SceneStorageExam1App.swift */; };
		2E0A24E724CA31D2002DF34C /* ContentView.swift in Sources */ = {isa = PBXBuildFile; fileRef = 2E0A24E624CA31D2002DF34C /* ContentView.swift */; };
		2E0A24E924CA31D3002DF34C /* Assets.xcassets in Resources */ = {isa = PBXBuildFile; fileRef = 2E0A24E824CA31D3002DF34C /* Assets.xcassets */; };
		2E0A24EC24CA31D3002DF34C /* Preview Assets.xcassets in Resources */ = {isa = PBXBuildFile; fileRef = 2E0A24EB24CA31D3002DF34C /* Preview Assets.xcassets */; };
		2E0A24F724CA31D3002DF34C /* SceneStorageExam1Tests.swift in Sources */ = {isa = PBXBuildFile; fileRef = 2E0A24F624CA31D3002DF34C /* SceneStorageExam1Tests.swift */; };
		2E0A250224CA31D3002DF34C /* SceneStorageExam1UITests.swift in Sources */ = {isa = PBXBuildFile; fileRef = 2E0A250124CA31D3002DF34C /* SceneStorageExam1UITests.swift */; };
/* End PBXBuildFile section */

/* Begin PBXContainerItemProxy section */
		2E0A24F324CA31D3002DF34C /* PBXContainerItemProxy */ = {
			isa = PBXContainerItemProxy;
			containerPortal = 2E0A24D924CA31D2002DF34C /* Project object */;
			proxyType = 1;
			remoteGlobalIDString = 2E0A24E024CA31D2002DF34C;
			remoteInfo = SceneStorageExam1;
		};
		2E0A24FE24CA31D3002DF34C /* PBXContainerItemProxy */ = {
			isa = PBXContainerItemProxy;
			containerPortal = 2E0A24D924CA31D2002DF34C /* Project object */;
			proxyType = 1;
			remoteGlobalIDString = 2E0A24E024CA31D2002DF34C;
			remoteInfo = SceneStorageExam1;
		};
/* End PBXContainerItemProxy section */

/* Begin PBXFileReference section */
		2E0A24E124CA31D2002DF34C /* SceneStorageExam1.app */ = {isa = PBXFileReference; explicitFileType = wrapper.application; includeInIndex = 0; path = SceneStorageExam1.app; sourceTree = BUILT_PRODUCTS_DIR; };
		2E0A24E424CA31D2002DF34C /* SceneStorageExam1App.swift */ = {isa = PBXFileReference; lastKnownFileType = sourcecode.swift; path = SceneStorageExam1App.swift; sourceTree = "<group>"; };
		2E0A24E624CA31D2002DF34C /* ContentView.swift */ = {isa = PBXFileReference; lastKnownFileType = sourcecode.swift; path = ContentView.swift; sourceTree = "<group>"; };
		2E0A24E824CA31D3002DF34C /* Assets.xcassets */ = {isa = PBXFileReference; lastKnownFileType = folder.assetcatalog; path = Assets.xcassets; sourceTree = "<group>"; };
		2E0A24EB24CA31D3002DF34C /* Preview Assets.xcassets */ = {isa = PBXFileReference; lastKnownFileType = folder.assetcatalog; path = "Preview Assets.xcassets"; sourceTree = "<group>"; };
		2E0A24ED24CA31D3002DF34C /* Info.plist */ = {isa = PBXFileReference; lastKnownFileType = text.plist.xml; path = Info.plist; sourceTree = "<group>"; };
		2E0A24F224CA31D3002DF34C /* SceneStorageExam1Tests.xctest */ = {isa = PBXFileReference; explicitFileType = wrapper.cfbundle; includeInIndex = 0; path = SceneStorageExam1Tests.xctest; sourceTree = BUILT_PRODUCTS_DIR; };
		2E0A24F624CA31D3002DF34C /* SceneStorageExam1Tests.swift */ = {isa = PBXFileReference; lastKnownFileType = sourcecode.swift; path = SceneStorageExam1Tests.swift; sourceTree = "<group>"; };
		2E0A24F824CA31D3002DF34C /* Info.plist */ = {isa = PBXFileReference; lastKnownFileType = text.plist.xml; path = Info.plist; sourceTree = "<group>"; };
		2E0A24FD24CA31D3002DF34C /* SceneStorageExam1UITests.xctest */ = {isa = PBXFileReference; explicitFileType = wrapper.cfbundle; includeInIndex = 0; path = SceneStorageExam1UITests.xctest; sourceTree = BUILT_PRODUCTS_DIR; };
		2E0A250124CA31D3002DF34C /* SceneStorageExam1UITests.swift */ = {isa = PBXFileReference; lastKnownFileType = sourcecode.swift; path = SceneStorageExam1UITests.swift; sourceTree = "<group>"; };
		2E0A250324CA31D3002DF34C /* Info.plist */ = {isa = PBXFileReference; lastKnownFileType = text.plist.xml; path = Info.plist; sourceTree = "<group>"; };
/* End PBXFileReference section */

/* Begin PBXFrameworksBuildPhase section */
		2E0A24DE24CA31D2002DF34C /* Frameworks */ = {
			isa = PBXFrameworksBuildPhase;
			buildActionMask = 2147483647;
			files = (
			);
			runOnlyForDeploymentPostprocessing = 0;
		};
		2E0A24EF24CA31D3002DF34C /* Frameworks */ = {
			isa = PBXFrameworksBuildPhase;
			buildActionMask = 2147483647;
			files = (
			);
			runOnlyForDeploymentPostprocessing = 0;
		};
		2E0A24FA24CA31D3002DF34C /* Frameworks */ = {
			isa = PBXFrameworksBuildPhase;
			buildActionMask = 2147483647;
			files = (
			);
			runOnlyForDeploymentPostprocessing = 0;
		};
/* End PBXFrameworksBuildPhase section */

/* Begin PBXGroup section */
		2E0A24D824CA31D2002DF34C = {
			isa = PBXGroup;
			children = (
				2E0A24E324CA31D2002DF34C /* SceneStorageExam1 */,
				2E0A24F524CA31D3002DF34C /* SceneStorageExam1Tests */,
				2E0A250024CA31D3002DF34C /* SceneStorageExam1UITests */,
				2E0A24E224CA31D2002DF34C /* Products */,
			);
			sourceTree = "<group>";
		};
		2E0A24E224CA31D2002DF34C /* Products */ = {
			isa = PBXGroup;
			children = (
				2E0A24E124CA31D2002DF34C /* SceneStorageExam1.app */,
				2E0A24F224CA31D3002DF34C /* SceneStorageExam1Tests.xctest */,
				2E0A24FD24CA31D3002DF34C /* SceneStorageExam1UITests.xctest */,
			);
			name = Products;
			sourceTree = "<group>";
		};
		2E0A24E324CA31D2002DF34C /* SceneStorageExam1 */ = {
			isa = PBXGroup;
			children = (
				2E0A24E424CA31D2002DF34C /* SceneStorageExam1App.swift */,
				2E0A24E624CA31D2002DF34C /* ContentView.swift */,
				2E0A24E824CA31D3002DF34C /* Assets.xcassets */,
				2E0A24ED24CA31D3002DF34C /* Info.plist */,
				2E0A24EA24CA31D3002DF34C /* Preview Content */,
			);
			path = SceneStorageExam1;
			sourceTree = "<group>";
		};
		2E0A24EA24CA31D3002DF34C /* Preview Content */ = {
			isa = PBXGroup;
			children = (
				2E0A24EB24CA31D3002DF34C /* Preview Assets.xcassets */,
			);
			path = "Preview Content";
			sourceTree = "<group>";
		};
		2E0A24F524CA31D3002DF34C /* SceneStorageExam1Tests */ = {
			isa = PBXGroup;
			children = (
				2E0A24F624CA31D3002DF34C /* SceneStorageExam1Tests.swift */,
				2E0A24F824CA31D3002DF34C /* Info.plist */,
			);
			path = SceneStorageExam1Tests;
			sourceTree = "<group>";
		};
		2E0A250024CA31D3002DF34C /* SceneStorageExam1UITests */ = {
			isa = PBXGroup;
			children = (
				2E0A250124CA31D3002DF34C /* SceneStorageExam1UITests.swift */,
				2E0A250324CA31D3002DF34C /* Info.plist */,
			);
			path = SceneStorageExam1UITests;
			sourceTree = "<group>";
		};
/* End PBXGroup section */

/* Begin PBXNativeTarget section */
		2E0A24E024CA31D2002DF34C /* SceneStorageExam1 */ = {
			isa = PBXNativeTarget;
			buildConfigurationList = 2E0A250624CA31D3002DF34C /* Build configuration list for PBXNativeTarget "SceneStorageExam1" */;
			buildPhases = (
				2E0A24DD24CA31D2002DF34C /* Sources */,
				2E0A24DE24CA31D2002DF34C /* Frameworks */,
				2E0A24DF24CA31D2002DF34C /* Resources */,
			);
			buildRules = (
			);
			dependencies = (
			);
			name = SceneStorageExam1;
			productName = SceneStorageExam1;
			productReference = 2E0A24E124CA31D2002DF34C /* SceneStorageExam1.app */;
			productType = "com.apple.product-type.application";
		};
		2E0A24F124CA31D3002DF34C /* SceneStorageExam1Tests */ = {
			isa = PBXNativeTarget;
			buildConfigurationList = 2E0A250924CA31D3002DF34C /* Build configuration list for PBXNativeTarget "SceneStorageExam1Tests" */;
			buildPhases = (
				2E0A24EE24CA31D3002DF34C /* Sources */,
				2E0A24EF24CA31D3002DF34C /* Frameworks */,
				2E0A24F024CA31D3002DF34C /* Resources */,
			);
			buildRules = (
			);
			dependencies = (
				2E0A24F424CA31D3002DF34C /* PBXTargetDependency */,
			);
			name = SceneStorageExam1Tests;
			productName = SceneStorageExam1Tests;
			productReference = 2E0A24F224CA31D3002DF34C /* SceneStorageExam1Tests.xctest */;
			productType = "com.apple.product-type.bundle.unit-test";
		};
		2E0A24FC24CA31D3002DF34C /* SceneStorageExam1UITests */ = {
			isa = PBXNativeTarget;
			buildConfigurationList = 2E0A250C24CA31D3002DF34C /* Build configuration list for PBXNativeTarget "SceneStorageExam1UITests" */;
			buildPhases = (
				2E0A24F924CA31D3002DF34C /* Sources */,
				2E0A24FA24CA31D3002DF34C /* Frameworks */,
				2E0A24FB24CA31D3002DF34C /* Resources */,
			);
			buildRules = (
			);
			dependencies = (
				2E0A24FF24CA31D3002DF34C /* PBXTargetDependency */,
			);
			name = SceneStorageExam1UITests;
			productName = SceneStorageExam1UITests;
			productReference = 2E0A24FD24CA31D3002DF34C /* SceneStorageExam1UITests.xctest */;
			productType = "com.apple.product-type.bundle.ui-testing";
		};
/* End PBXNativeTarget section */

/* Begin PBXProject section */
		2E0A24D924CA31D2002DF34C /* Project object */ = {
			isa = PBXProject;
			attributes = {
				LastSwiftUpdateCheck = 1200;
				LastUpgradeCheck = 1200;
				TargetAttributes = {
					2E0A24E024CA31D2002DF34C = {
						CreatedOnToolsVersion = 12.0;
					};
					2E0A24F124CA31D3002DF34C = {
						CreatedOnToolsVersion = 12.0;
						TestTargetID = 2E0A24E024CA31D2002DF34C;
					};
					2E0A24FC24CA31D3002DF34C = {
						CreatedOnToolsVersion = 12.0;
						TestTargetID = 2E0A24E024CA31D2002DF34C;
					};
				};
			};
			buildConfigurationList = 2E0A24DC24CA31D2002DF34C /* Build configuration list for PBXProject "SceneStorageExam1" */;
			compatibilityVersion = "Xcode 9.3";
			developmentRegion = en;
			hasScannedForEncodings = 0;
			knownRegions = (
				en,
				Base,
			);
			mainGroup = 2E0A24D824CA31D2002DF34C;
			productRefGroup = 2E0A24E224CA31D2002DF34C /* Products */;
			projectDirPath = "";
			projectRoot = "";
			targets = (
				2E0A24E024CA31D2002DF34C /* SceneStorageExam1 */,
				2E0A24F124CA31D3002DF34C /* SceneStorageExam1Tests */,
				2E0A24FC24CA31D3002DF34C /* SceneStorageExam1UITests */,
			);
		};
/* End PBXProject section */

/* Begin PBXResourcesBuildPhase section */
		2E0A24DF24CA31D2002DF34C /* Resources */ = {
			isa = PBXResourcesBuildPhase;
			buildActionMask = 2147483647;
			files = (
				2E0A24EC24CA31D3002DF34C /* Preview Assets.xcassets in Resources */,
				2E0A24E924CA31D3002DF34C /* Assets.xcassets in Resources */,
			);
			runOnlyForDeploymentPostprocessing = 0;
		};
		2E0A24F024CA31D3002DF34C /* Resources */ = {
			isa = PBXResourcesBuildPhase;
			buildActionMask = 2147483647;
			files = (
			);
			runOnlyForDeploymentPostprocessing = 0;
		};
		2E0A24FB24CA31D3002DF34C /* Resources */ = {
			isa = PBXResourcesBuildPhase;
			buildActionMask = 2147483647;
			files = (
			);
			runOnlyForDeploymentPostprocessing = 0;
		};
/* End PBXResourcesBuildPhase section */

/* Begin PBXSourcesBuildPhase section */
		2E0A24DD24CA31D2002DF34C /* Sources */ = {
			isa = PBXSourcesBuildPhase;
			buildActionMask = 2147483647;
			files = (
				2E0A24E724CA31D2002DF34C /* ContentView.swift in Sources */,
				2E0A24E524CA31D2002DF34C /* SceneStorageExam1App.swift in Sources */,
			);
			runOnlyForDeploymentPostprocessing = 0;
		};
		2E0A24EE24CA31D3002DF34C /* Sources */ = {
			isa = PBXSourcesBuildPhase;
			buildActionMask = 2147483647;
			files = (
				2E0A24F724CA31D3002DF34C /* SceneStorageExam1Tests.swift in Sources */,
			);
			runOnlyForDeploymentPostprocessing = 0;
		};
		2E0A24F924CA31D3002DF34C /* Sources */ = {
			isa = PBXSourcesBuildPhase;
			buildActionMask = 2147483647;
			files = (
				2E0A250224CA31D3002DF34C /* SceneStorageExam1UITests.swift in Sources */,
			);
			runOnlyForDeploymentPostprocessing = 0;
		};
/* End PBXSourcesBuildPhase section */

/* Begin PBXTargetDependency section */
		2E0A24F424CA31D3002DF34C /* PBXTargetDependency */ = {
			isa = PBXTargetDependency;
			target = 2E0A24E024CA31D2002DF34C /* SceneStorageExam1 */;
			targetProxy = 2E0A24F324CA31D3002DF34C /* PBXContainerItemProxy */;
		};
		2E0A24FF24CA31D3002DF34C /* PBXTargetDependency */ = {
			isa = PBXTargetDependency;
			target = 2E0A24E024CA31D2002DF34C /* SceneStorageExam1 */;
			targetProxy = 2E0A24FE24CA31D3002DF34C /* PBXContainerItemProxy */;
		};
/* End PBXTargetDependency section */

/* Begin XCBuildConfiguration section */
		2E0A250424CA31D3002DF34C /* Debug */ = {
			isa = XCBuildConfiguration;
			buildSettings = {
				ALWAYS_SEARCH_USER_PATHS = NO;
				CLANG_ANALYZER_NONNULL = YES;
				CLANG_ANALYZER_NUMBER_OBJECT_CONVERSION = YES_AGGRESSIVE;
				CLANG_CXX_LANGUAGE_STANDARD = "gnu++14";
				CLANG_CXX_LIBRARY = "libc++";
				CLANG_ENABLE_MODULES = YES;
				CLANG_ENABLE_OBJC_ARC = YES;
				CLANG_ENABLE_OBJC_WEAK = YES;
				CLANG_WARN_BLOCK_CAPTURE_AUTORELEASING = YES;
				CLANG_WARN_BOOL_CONVERSION = YES;
				CLANG_WARN_COMMA = YES;
				CLANG_WARN_CONSTANT_CONVERSION = YES;
				CLANG_WARN_DEPRECATED_OBJC_IMPLEMENTATIONS = YES;
				CLANG_WARN_DIRECT_OBJC_ISA_USAGE = YES_ERROR;
				CLANG_WARN_DOCUMENTATION_COMMENTS = YES;
				CLANG_WARN_EMPTY_BODY = YES;
				CLANG_WARN_ENUM_CONVERSION = YES;
				CLANG_WARN_INFINITE_RECURSION = YES;
				CLANG_WARN_INT_CONVERSION = YES;
				CLANG_WARN_NON_LITERAL_NULL_CONVERSION = YES;
				CLANG_WARN_OBJC_IMPLICIT_RETAIN_SELF = YES;
				CLANG_WARN_OBJC_LITERAL_CONVERSION = YES;
				CLANG_WARN_OBJC_ROOT_CLASS = YES_ERROR;
				CLANG_WARN_QUOTED_INCLUDE_IN_FRAMEWORK_HEADER = YES;
				CLANG_WARN_RANGE_LOOP_ANALYSIS = YES;
				CLANG_WARN_STRICT_PROTOTYPES = YES;
				CLANG_WARN_SUSPICIOUS_MOVE = YES;
				CLANG_WARN_UNGUARDED_AVAILABILITY = YES_AGGRESSIVE;
				CLANG_WARN_UNREACHABLE_CODE = YES;
				CLANG_WARN__DUPLICATE_METHOD_MATCH = YES;
				COPY_PHASE_STRIP = NO;
				DEBUG_INFORMATION_FORMAT = dwarf;
				ENABLE_STRICT_OBJC_MSGSEND = YES;
				ENABLE_TESTABILITY = YES;
				GCC_C_LANGUAGE_STANDARD = gnu11;
				GCC_DYNAMIC_NO_PIC = NO;
				GCC_NO_COMMON_BLOCKS = YES;
				GCC_OPTIMIZATION_LEVEL = 0;
				GCC_PREPROCESSOR_DEFINITIONS = (
					"DEBUG=1",
					"$(inherited)",
				);
				GCC_WARN_64_TO_32_BIT_CONVERSION = YES;
				GCC_WARN_ABOUT_RETURN_TYPE = YES_ERROR;
				GCC_WARN_UNDECLARED_SELECTOR = YES;
				GCC_WARN_UNINITIALIZED_AUTOS = YES_AGGRESSIVE;
				GCC_WARN_UNUSED_FUNCTION = YES;
				GCC_WARN_UNUSED_VARIABLE = YES;
				IPHONEOS_DEPLOYMENT_TARGET = 14.0;
				MTL_ENABLE_DEBUG_INFO = INCLUDE_SOURCE;
				MTL_FAST_MATH = YES;
				ONLY_ACTIVE_ARCH = YES;
				SDKROOT = iphoneos;
				SWIFT_ACTIVE_COMPILATION_CONDITIONS = DEBUG;
				SWIFT_OPTIMIZATION_LEVEL = "-Onone";
			};
			name = Debug;
		};
		2E0A250524CA31D3002DF34C /* Release */ = {
			isa = XCBuildConfiguration;
			buildSettings = {
				ALWAYS_SEARCH_USER_PATHS = NO;
				CLANG_ANALYZER_NONNULL = YES;
				CLANG_ANALYZER_NUMBER_OBJECT_CONVERSION = YES_AGGRESSIVE;
				CLANG_CXX_LANGUAGE_STANDARD = "gnu++14";
				CLANG_CXX_LIBRARY = "libc++";
				CLANG_ENABLE_MODULES = YES;
				CLANG_ENABLE_OBJC_ARC = YES;
				CLANG_ENABLE_OBJC_WEAK = YES;
				CLANG_WARN_BLOCK_CAPTURE_AUTORELEASING = YES;
				CLANG_WARN_BOOL_CONVERSION = YES;
				CLANG_WARN_COMMA = YES;
				CLANG_WARN_CONSTANT_CONVERSION = YES;
				CLANG_WARN_DEPRECATED_OBJC_IMPLEMENTATIONS = YES;
				CLANG_WARN_DIRECT_OBJC_ISA_USAGE = YES_ERROR;
				CLANG_WARN_DOCUMENTATION_COMMENTS = YES;
				CLANG_WARN_EMPTY_BODY = YES;
				CLANG_WARN_ENUM_CONVERSION = YES;
				CLANG_WARN_INFINITE_RECURSION = YES;
				CLANG_WARN_INT_CONVERSION = YES;
				CLANG_WARN_NON_LITERAL_NULL_CONVERSION = YES;
				CLANG_WARN_OBJC_IMPLICIT_RETAIN_SELF = YES;
				CLANG_WARN_OBJC_LITERAL_CONVERSION = YES;
				CLANG_WARN_OBJC_ROOT_CLASS = YES_ERROR;
				CLANG_WARN_QUOTED_INCLUDE_IN_FRAMEWORK_HEADER = YES;
				CLANG_WARN_RANGE_LOOP_ANALYSIS = YES;
				CLANG_WARN_STRICT_PROTOTYPES = YES;
				CLANG_WARN_SUSPICIOUS_MOVE = YES;
				CLANG_WARN_UNGUARDED_AVAILABILITY = YES_AGGRESSIVE;
				CLANG_WARN_UNREACHABLE_CODE = YES;
				CLANG_WARN__DUPLICATE_METHOD_MATCH = YES;
				COPY_PHASE_STRIP = NO;
				DEBUG_INFORMATION_FORMAT = "dwarf-with-dsym";
				ENABLE_NS_ASSERTIONS = NO;
				ENABLE_STRICT_OBJC_MSGSEND = YES;
				GCC_C_LANGUAGE_STANDARD = gnu11;
				GCC_NO_COMMON_BLOCKS = YES;
				GCC_WARN_64_TO_32_BIT_CONVERSION = YES;
				GCC_WARN_ABOUT_RETURN_TYPE = YES_ERROR;
				GCC_WARN_UNDECLARED_SELECTOR = YES;
				GCC_WARN_UNINITIALIZED_AUTOS = YES_AGGRESSIVE;
				GCC_WARN_UNUSED_FUNCTION = YES;
				GCC_WARN_UNUSED_VARIABLE = YES;
				IPHONEOS_DEPLOYMENT_TARGET = 14.0;
				MTL_ENABLE_DEBUG_INFO = NO;
				MTL_FAST_MATH = YES;
				SDKROOT = iphoneos;
				SWIFT_COMPILATION_MODE = wholemodule;
				SWIFT_OPTIMIZATION_LEVEL = "-O";
				VALIDATE_PRODUCT = YES;
			};
			name = Release;
		};
		2E0A250724CA31D3002DF34C /* Debug */ = {
			isa = XCBuildConfiguration;
			buildSettings = {
				ASSETCATALOG_COMPILER_APPICON_NAME = AppIcon;
				ASSETCATALOG_COMPILER_GLOBAL_ACCENT_COLOR_NAME = AccentColor;
				CODE_SIGN_STYLE = Automatic;
				DEVELOPMENT_ASSET_PATHS = "\"SceneStorageExam1/Preview Content\"";
				DEVELOPMENT_TEAM = ZPKHN9888S;
				ENABLE_PREVIEWS = YES;
				INFOPLIST_FILE = SceneStorageExam1/Info.plist;
				IPHONEOS_DEPLOYMENT_TARGET = 14.0;
				LD_RUNPATH_SEARCH_PATHS = (
					"$(inherited)",
					"@executable_path/Frameworks",
				);
				PRODUCT_BUNDLE_IDENTIFIER = com.ergene.MatchedGeometryEffectExam1.SceneStorageExam1;
				PRODUCT_NAME = "$(TARGET_NAME)";
				SWIFT_VERSION = 5.0;
				TARGETED_DEVICE_FAMILY = "1,2";
			};
			name = Debug;
		};
		2E0A250824CA31D3002DF34C /* Release */ = {
			isa = XCBuildConfiguration;
			buildSettings = {
				ASSETCATALOG_COMPILER_APPICON_NAME = AppIcon;
				ASSETCATALOG_COMPILER_GLOBAL_ACCENT_COLOR_NAME = AccentColor;
				CODE_SIGN_STYLE = Automatic;
				DEVELOPMENT_ASSET_PATHS = "\"SceneStorageExam1/Preview Content\"";
				DEVELOPMENT_TEAM = ZPKHN9888S;
				ENABLE_PREVIEWS = YES;
				INFOPLIST_FILE = SceneStorageExam1/Info.plist;
				IPHONEOS_DEPLOYMENT_TARGET = 14.0;
				LD_RUNPATH_SEARCH_PATHS = (
					"$(inherited)",
					"@executable_path/Frameworks",
				);
				PRODUCT_BUNDLE_IDENTIFIER = com.ergene.MatchedGeometryEffectExam1.SceneStorageExam1;
				PRODUCT_NAME = "$(TARGET_NAME)";
				SWIFT_VERSION = 5.0;
				TARGETED_DEVICE_FAMILY = "1,2";
			};
			name = Release;
		};
		2E0A250A24CA31D3002DF34C /* Debug */ = {
			isa = XCBuildConfiguration;
			buildSettings = {
				ALWAYS_EMBED_SWIFT_STANDARD_LIBRARIES = YES;
				BUNDLE_LOADER = "$(TEST_HOST)";
				CODE_SIGN_STYLE = Automatic;
				DEVELOPMENT_TEAM = ZPKHN9888S;
				INFOPLIST_FILE = SceneStorageExam1Tests/Info.plist;
				IPHONEOS_DEPLOYMENT_TARGET = 14.0;
				LD_RUNPATH_SEARCH_PATHS = (
					"$(inherited)",
					"@executable_path/Frameworks",
					"@loader_path/Frameworks",
				);
				PRODUCT_BUNDLE_IDENTIFIER = com.ergene.MatchedGeometryEffectExam1.SceneStorageExam1Tests;
				PRODUCT_NAME = "$(TARGET_NAME)";
				SWIFT_VERSION = 5.0;
				TARGETED_DEVICE_FAMILY = "1,2";
				TEST_HOST = "$(BUILT_PRODUCTS_DIR)/SceneStorageExam1.app/SceneStorageExam1";
			};
			name = Debug;
		};
		2E0A250B24CA31D3002DF34C /* Release */ = {
			isa = XCBuildConfiguration;
			buildSettings = {
				ALWAYS_EMBED_SWIFT_STANDARD_LIBRARIES = YES;
				BUNDLE_LOADER = "$(TEST_HOST)";
				CODE_SIGN_STYLE = Automatic;
				DEVELOPMENT_TEAM = ZPKHN9888S;
				INFOPLIST_FILE = SceneStorageExam1Tests/Info.plist;
				IPHONEOS_DEPLOYMENT_TARGET = 14.0;
				LD_RUNPATH_SEARCH_PATHS = (
					"$(inherited)",
					"@executable_path/Frameworks",
					"@loader_path/Frameworks",
				);
				PRODUCT_BUNDLE_IDENTIFIER = com.ergene.MatchedGeometryEffectExam1.SceneStorageExam1Tests;
				PRODUCT_NAME = "$(TARGET_NAME)";
				SWIFT_VERSION = 5.0;
				TARGETED_DEVICE_FAMILY = "1,2";
				TEST_HOST = "$(BUILT_PRODUCTS_DIR)/SceneStorageExam1.app/SceneStorageExam1";
			};
			name = Release;
		};
		2E0A250D24CA31D3002DF34C /* Debug */ = {
			isa = XCBuildConfiguration;
			buildSettings = {
				ALWAYS_EMBED_SWIFT_STANDARD_LIBRARIES = YES;
				CODE_SIGN_STYLE = Automatic;
				DEVELOPMENT_TEAM = ZPKHN9888S;
				INFOPLIST_FILE = SceneStorageExam1UITests/Info.plist;
				LD_RUNPATH_SEARCH_PATHS = (
					"$(inherited)",
					"@executable_path/Frameworks",
					"@loader_path/Frameworks",
				);
				PRODUCT_BUNDLE_IDENTIFIER = com.ergene.MatchedGeometryEffectExam1.SceneStorageExam1UITests;
				PRODUCT_NAME = "$(TARGET_NAME)";
				SWIFT_VERSION = 5.0;
				TARGETED_DEVICE_FAMILY = "1,2";
				TEST_TARGET_NAME = SceneStorageExam1;
			};
			name = Debug;
		};
		2E0A250E24CA31D3002DF34C /* Release */ = {
			isa = XCBuildConfiguration;
			buildSettings = {
				ALWAYS_EMBED_SWIFT_STANDARD_LIBRARIES = YES;
				CODE_SIGN_STYLE = Automatic;
				DEVELOPMENT_TEAM = ZPKHN9888S;
				INFOPLIST_FILE = SceneStorageExam1UITests/Info.plist;
				LD_RUNPATH_SEARCH_PATHS = (
					"$(inherited)",
					"@executable_path/Frameworks",
					"@loader_path/Frameworks",
				);
				PRODUCT_BUNDLE_IDENTIFIER = com.ergene.MatchedGeometryEffectExam1.SceneStorageExam1UITests;
				PRODUCT_NAME = "$(TARGET_NAME)";
				SWIFT_VERSION = 5.0;
				TARGETED_DEVICE_FAMILY = "1,2";
				TEST_TARGET_NAME = SceneStorageExam1;
			};
			name = Release;
		};
/* End XCBuildConfiguration section */

/* Begin XCConfigurationList section */
		2E0A24DC24CA31D2002DF34C /* Build configuration list for PBXProject "SceneStorageExam1" */ = {
			isa = XCConfigurationList;
			buildConfigurations = (
				2E0A250424CA31D3002DF34C /* Debug */,
				2E0A250524CA31D3002DF34C /* Release */,
			);
			defaultConfigurationIsVisible = 0;
			defaultConfigurationName = Release;
		};
		2E0A250624CA31D3002DF34C /* Build configuration list for PBXNativeTarget "SceneStorageExam1" */ = {
			isa = XCConfigurationList;
			buildConfigurations = (
				2E0A250724CA31D3002DF34C /* Debug */,
				2E0A250824CA31D3002DF34C /* Release */,
			);
			defaultConfigurationIsVisible = 0;
			defaultConfigurationName = Release;
		};
		2E0A250924CA31D3002DF34C /* Build configuration list for PBXNativeTarget "SceneStorageExam1Tests" */ = {
			isa = XCConfigurationList;
			buildConfigurations = (
				2E0A250A24CA31D3002DF34C /* Debug */,
				2E0A250B24CA31D3002DF34C /* Release */,
			);
			defaultConfigurationIsVisible = 0;
			defaultConfigurationName = Release;
		};
		2E0A250C24CA31D3002DF34C /* Build configuration list for PBXNativeTarget "SceneStorageExam1UITests" */ = {
			isa = XCConfigurationList;
			buildConfigurations = (
				2E0A250D24CA31D3002DF34C /* Debug */,
				2E0A250E24CA31D3002DF34C /* Release */,
			);
			defaultConfigurationIsVisible = 0;
			defaultConfigurationName = Release;
		};
/* End XCConfigurationList section */
	};
	rootObject = 2E0A24D924CA31D2002DF34C /* Project object */;
}
