// !$*UTF8*$!
{
	archiveVersion = 1;
	classes = {
	};
	objectVersion = 50;
	objects = {

/* Begin PBXBuildFile section */
		2E2C13D324C9B08D00946C8D /* CounterExamApp.swift in Sources */ = {isa = PBXBuildFile; fileRef = 2E2C13D224C9B08D00946C8D /* CounterExamApp.swift */; };
		2E2C13D524C9B08D00946C8D /* ContentView.swift in Sources */ = {isa = PBXBuildFile; fileRef = 2E2C13D424C9B08D00946C8D /* ContentView.swift */; };
		2E2C13D724C9B08E00946C8D /* Assets.xcassets in Resources */ = {isa = PBXBuildFile; fileRef = 2E2C13D624C9B08E00946C8D /* Assets.xcassets */; };
		2E2C13DA24C9B08E00946C8D /* Preview Assets.xcassets in Resources */ = {isa = PBXBuildFile; fileRef = 2E2C13D924C9B08E00946C8D /* Preview Assets.xcassets */; };
		2E2C13E524C9B08E00946C8D /* CounterExamTests.swift in Sources */ = {isa = PBXBuildFile; fileRef = 2E2C13E424C9B08E00946C8D /* CounterExamTests.swift */; };
		2E2C13F024C9B08E00946C8D /* CounterExamUITests.swift in Sources */ = {isa = PBXBuildFile; fileRef = 2E2C13EF24C9B08E00946C8D /* CounterExamUITests.swift */; };
/* End PBXBuildFile section */

/* Begin PBXContainerItemProxy section */
		2E2C13E124C9B08E00946C8D /* PBXContainerItemProxy */ = {
			isa = PBXContainerItemProxy;
			containerPortal = 2E2C13C724C9B08D00946C8D /* Project object */;
			proxyType = 1;
			remoteGlobalIDString = 2E2C13CE24C9B08D00946C8D;
			remoteInfo = CounterExam;
		};
		2E2C13EC24C9B08E00946C8D /* PBXContainerItemProxy */ = {
			isa = PBXContainerItemProxy;
			containerPortal = 2E2C13C724C9B08D00946C8D /* Project object */;
			proxyType = 1;
			remoteGlobalIDString = 2E2C13CE24C9B08D00946C8D;
			remoteInfo = CounterExam;
		};
/* End PBXContainerItemProxy section */

/* Begin PBXFileReference section */
		2E2C13CF24C9B08D00946C8D /* CounterExam.app */ = {isa = PBXFileReference; explicitFileType = wrapper.application; includeInIndex = 0; path = CounterExam.app; sourceTree = BUILT_PRODUCTS_DIR; };
		2E2C13D224C9B08D00946C8D /* CounterExamApp.swift */ = {isa = PBXFileReference; lastKnownFileType = sourcecode.swift; path = CounterExamApp.swift; sourceTree = "<group>"; };
		2E2C13D424C9B08D00946C8D /* ContentView.swift */ = {isa = PBXFileReference; lastKnownFileType = sourcecode.swift; path = ContentView.swift; sourceTree = "<group>"; };
		2E2C13D624C9B08E00946C8D /* Assets.xcassets */ = {isa = PBXFileReference; lastKnownFileType = folder.assetcatalog; path = Assets.xcassets; sourceTree = "<group>"; };
		2E2C13D924C9B08E00946C8D /* Preview Assets.xcassets */ = {isa = PBXFileReference; lastKnownFileType = folder.assetcatalog; path = "Preview Assets.xcassets"; sourceTree = "<group>"; };
		2E2C13DB24C9B08E00946C8D /* Info.plist */ = {isa = PBXFileReference; lastKnownFileType = text.plist.xml; path = Info.plist; sourceTree = "<group>"; };
		2E2C13E024C9B08E00946C8D /* CounterExamTests.xctest */ = {isa = PBXFileReference; explicitFileType = wrapper.cfbundle; includeInIndex = 0; path = CounterExamTests.xctest; sourceTree = BUILT_PRODUCTS_DIR; };
		2E2C13E424C9B08E00946C8D /* CounterExamTests.swift */ = {isa = PBXFileReference; lastKnownFileType = sourcecode.swift; path = CounterExamTests.swift; sourceTree = "<group>"; };
		2E2C13E624C9B08E00946C8D /* Info.plist */ = {isa = PBXFileReference; lastKnownFileType = text.plist.xml; path = Info.plist; sourceTree = "<group>"; };
		2E2C13EB24C9B08E00946C8D /* CounterExamUITests.xctest */ = {isa = PBXFileReference; explicitFileType = wrapper.cfbundle; includeInIndex = 0; path = CounterExamUITests.xctest; sourceTree = BUILT_PRODUCTS_DIR; };
		2E2C13EF24C9B08E00946C8D /* CounterExamUITests.swift */ = {isa = PBXFileReference; lastKnownFileType = sourcecode.swift; path = CounterExamUITests.swift; sourceTree = "<group>"; };
		2E2C13F124C9B08E00946C8D /* Info.plist */ = {isa = PBXFileReference; lastKnownFileType = text.plist.xml; path = Info.plist; sourceTree = "<group>"; };
/* End PBXFileReference section */

/* Begin PBXFrameworksBuildPhase section */
		2E2C13CC24C9B08D00946C8D /* Frameworks */ = {
			isa = PBXFrameworksBuildPhase;
			buildActionMask = 2147483647;
			files = (
			);
			runOnlyForDeploymentPostprocessing = 0;
		};
		2E2C13DD24C9B08E00946C8D /* Frameworks */ = {
			isa = PBXFrameworksBuildPhase;
			buildActionMask = 2147483647;
			files = (
			);
			runOnlyForDeploymentPostprocessing = 0;
		};
		2E2C13E824C9B08E00946C8D /* Frameworks */ = {
			isa = PBXFrameworksBuildPhase;
			buildActionMask = 2147483647;
			files = (
			);
			runOnlyForDeploymentPostprocessing = 0;
		};
/* End PBXFrameworksBuildPhase section */

/* Begin PBXGroup section */
		2E2C13C624C9B08D00946C8D = {
			isa = PBXGroup;
			children = (
				2E2C13D124C9B08D00946C8D /* CounterExam */,
				2E2C13E324C9B08E00946C8D /* CounterExamTests */,
				2E2C13EE24C9B08E00946C8D /* CounterExamUITests */,
				2E2C13D024C9B08D00946C8D /* Products */,
			);
			sourceTree = "<group>";
		};
		2E2C13D024C9B08D00946C8D /* Products */ = {
			isa = PBXGroup;
			children = (
				2E2C13CF24C9B08D00946C8D /* CounterExam.app */,
				2E2C13E024C9B08E00946C8D /* CounterExamTests.xctest */,
				2E2C13EB24C9B08E00946C8D /* CounterExamUITests.xctest */,
			);
			name = Products;
			sourceTree = "<group>";
		};
		2E2C13D124C9B08D00946C8D /* CounterExam */ = {
			isa = PBXGroup;
			children = (
				2E2C13D224C9B08D00946C8D /* CounterExamApp.swift */,
				2E2C13D424C9B08D00946C8D /* ContentView.swift */,
				2E2C13D624C9B08E00946C8D /* Assets.xcassets */,
				2E2C13DB24C9B08E00946C8D /* Info.plist */,
				2E2C13D824C9B08E00946C8D /* Preview Content */,
			);
			path = CounterExam;
			sourceTree = "<group>";
		};
		2E2C13D824C9B08E00946C8D /* Preview Content */ = {
			isa = PBXGroup;
			children = (
				2E2C13D924C9B08E00946C8D /* Preview Assets.xcassets */,
			);
			path = "Preview Content";
			sourceTree = "<group>";
		};
		2E2C13E324C9B08E00946C8D /* CounterExamTests */ = {
			isa = PBXGroup;
			children = (
				2E2C13E424C9B08E00946C8D /* CounterExamTests.swift */,
				2E2C13E624C9B08E00946C8D /* Info.plist */,
			);
			path = CounterExamTests;
			sourceTree = "<group>";
		};
		2E2C13EE24C9B08E00946C8D /* CounterExamUITests */ = {
			isa = PBXGroup;
			children = (
				2E2C13EF24C9B08E00946C8D /* CounterExamUITests.swift */,
				2E2C13F124C9B08E00946C8D /* Info.plist */,
			);
			path = CounterExamUITests;
			sourceTree = "<group>";
		};
/* End PBXGroup section */

/* Begin PBXNativeTarget section */
		2E2C13CE24C9B08D00946C8D /* CounterExam */ = {
			isa = PBXNativeTarget;
			buildConfigurationList = 2E2C13F424C9B08E00946C8D /* Build configuration list for PBXNativeTarget "CounterExam" */;
			buildPhases = (
				2E2C13CB24C9B08D00946C8D /* Sources */,
				2E2C13CC24C9B08D00946C8D /* Frameworks */,
				2E2C13CD24C9B08D00946C8D /* Resources */,
			);
			buildRules = (
			);
			dependencies = (
			);
			name = CounterExam;
			productName = CounterExam;
			productReference = 2E2C13CF24C9B08D00946C8D /* CounterExam.app */;
			productType = "com.apple.product-type.application";
		};
		2E2C13DF24C9B08E00946C8D /* CounterExamTests */ = {
			isa = PBXNativeTarget;
			buildConfigurationList = 2E2C13F724C9B08E00946C8D /* Build configuration list for PBXNativeTarget "CounterExamTests" */;
			buildPhases = (
				2E2C13DC24C9B08E00946C8D /* Sources */,
				2E2C13DD24C9B08E00946C8D /* Frameworks */,
				2E2C13DE24C9B08E00946C8D /* Resources */,
			);
			buildRules = (
			);
			dependencies = (
				2E2C13E224C9B08E00946C8D /* PBXTargetDependency */,
			);
			name = CounterExamTests;
			productName = CounterExamTests;
			productReference = 2E2C13E024C9B08E00946C8D /* CounterExamTests.xctest */;
			productType = "com.apple.product-type.bundle.unit-test";
		};
		2E2C13EA24C9B08E00946C8D /* CounterExamUITests */ = {
			isa = PBXNativeTarget;
			buildConfigurationList = 2E2C13FA24C9B08E00946C8D /* Build configuration list for PBXNativeTarget "CounterExamUITests" */;
			buildPhases = (
				2E2C13E724C9B08E00946C8D /* Sources */,
				2E2C13E824C9B08E00946C8D /* Frameworks */,
				2E2C13E924C9B08E00946C8D /* Resources */,
			);
			buildRules = (
			);
			dependencies = (
				2E2C13ED24C9B08E00946C8D /* PBXTargetDependency */,
			);
			name = CounterExamUITests;
			productName = CounterExamUITests;
			productReference = 2E2C13EB24C9B08E00946C8D /* CounterExamUITests.xctest */;
			productType = "com.apple.product-type.bundle.ui-testing";
		};
/* End PBXNativeTarget section */

/* Begin PBXProject section */
		2E2C13C724C9B08D00946C8D /* Project object */ = {
			isa = PBXProject;
			attributes = {
				LastSwiftUpdateCheck = 1200;
				LastUpgradeCheck = 1200;
				TargetAttributes = {
					2E2C13CE24C9B08D00946C8D = {
						CreatedOnToolsVersion = 12.0;
					};
					2E2C13DF24C9B08E00946C8D = {
						CreatedOnToolsVersion = 12.0;
						TestTargetID = 2E2C13CE24C9B08D00946C8D;
					};
					2E2C13EA24C9B08E00946C8D = {
						CreatedOnToolsVersion = 12.0;
						TestTargetID = 2E2C13CE24C9B08D00946C8D;
					};
				};
			};
			buildConfigurationList = 2E2C13CA24C9B08D00946C8D /* Build configuration list for PBXProject "CounterExam" */;
			compatibilityVersion = "Xcode 9.3";
			developmentRegion = en;
			hasScannedForEncodings = 0;
			knownRegions = (
				en,
				Base,
			);
			mainGroup = 2E2C13C624C9B08D00946C8D;
			productRefGroup = 2E2C13D024C9B08D00946C8D /* Products */;
			projectDirPath = "";
			projectRoot = "";
			targets = (
				2E2C13CE24C9B08D00946C8D /* CounterExam */,
				2E2C13DF24C9B08E00946C8D /* CounterExamTests */,
				2E2C13EA24C9B08E00946C8D /* CounterExamUITests */,
			);
		};
/* End PBXProject section */

/* Begin PBXResourcesBuildPhase section */
		2E2C13CD24C9B08D00946C8D /* Resources */ = {
			isa = PBXResourcesBuildPhase;
			buildActionMask = 2147483647;
			files = (
				2E2C13DA24C9B08E00946C8D /* Preview Assets.xcassets in Resources */,
				2E2C13D724C9B08E00946C8D /* Assets.xcassets in Resources */,
			);
			runOnlyForDeploymentPostprocessing = 0;
		};
		2E2C13DE24C9B08E00946C8D /* Resources */ = {
			isa = PBXResourcesBuildPhase;
			buildActionMask = 2147483647;
			files = (
			);
			runOnlyForDeploymentPostprocessing = 0;
		};
		2E2C13E924C9B08E00946C8D /* Resources */ = {
			isa = PBXResourcesBuildPhase;
			buildActionMask = 2147483647;
			files = (
			);
			runOnlyForDeploymentPostprocessing = 0;
		};
/* End PBXResourcesBuildPhase section */

/* Begin PBXSourcesBuildPhase section */
		2E2C13CB24C9B08D00946C8D /* Sources */ = {
			isa = PBXSourcesBuildPhase;
			buildActionMask = 2147483647;
			files = (
				2E2C13D524C9B08D00946C8D /* ContentView.swift in Sources */,
				2E2C13D324C9B08D00946C8D /* CounterExamApp.swift in Sources */,
			);
			runOnlyForDeploymentPostprocessing = 0;
		};
		2E2C13DC24C9B08E00946C8D /* Sources */ = {
			isa = PBXSourcesBuildPhase;
			buildActionMask = 2147483647;
			files = (
				2E2C13E524C9B08E00946C8D /* CounterExamTests.swift in Sources */,
			);
			runOnlyForDeploymentPostprocessing = 0;
		};
		2E2C13E724C9B08E00946C8D /* Sources */ = {
			isa = PBXSourcesBuildPhase;
			buildActionMask = 2147483647;
			files = (
				2E2C13F024C9B08E00946C8D /* CounterExamUITests.swift in Sources */,
			);
			runOnlyForDeploymentPostprocessing = 0;
		};
/* End PBXSourcesBuildPhase section */

/* Begin PBXTargetDependency section */
		2E2C13E224C9B08E00946C8D /* PBXTargetDependency */ = {
			isa = PBXTargetDependency;
			target = 2E2C13CE24C9B08D00946C8D /* CounterExam */;
			targetProxy = 2E2C13E124C9B08E00946C8D /* PBXContainerItemProxy */;
		};
		2E2C13ED24C9B08E00946C8D /* PBXTargetDependency */ = {
			isa = PBXTargetDependency;
			target = 2E2C13CE24C9B08D00946C8D /* CounterExam */;
			targetProxy = 2E2C13EC24C9B08E00946C8D /* PBXContainerItemProxy */;
		};
/* End PBXTargetDependency section */

/* Begin XCBuildConfiguration section */
		2E2C13F224C9B08E00946C8D /* Debug */ = {
			isa = XCBuildConfiguration;
			buildSettings = {
				ALWAYS_SEARCH_USER_PATHS = NO;
				CLANG_ANALYZER_NONNULL = YES;
				CLANG_ANALYZER_NUMBER_OBJECT_CONVERSION = YES_AGGRESSIVE;
				CLANG_CXX_LANGUAGE_STANDARD = "gnu++14";
				CLANG_CXX_LIBRARY = "libc++";
				CLANG_ENABLE_MODULES = YES;
				CLANG_ENABLE_OBJC_ARC = YES;
				CLANG_ENABLE_OBJC_WEAK = YES;
				CLANG_WARN_BLOCK_CAPTURE_AUTORELEASING = YES;
				CLANG_WARN_BOOL_CONVERSION = YES;
				CLANG_WARN_COMMA = YES;
				CLANG_WARN_CONSTANT_CONVERSION = YES;
				CLANG_WARN_DEPRECATED_OBJC_IMPLEMENTATIONS = YES;
				CLANG_WARN_DIRECT_OBJC_ISA_USAGE = YES_ERROR;
				CLANG_WARN_DOCUMENTATION_COMMENTS = YES;
				CLANG_WARN_EMPTY_BODY = YES;
				CLANG_WARN_ENUM_CONVERSION = YES;
				CLANG_WARN_INFINITE_RECURSION = YES;
				CLANG_WARN_INT_CONVERSION = YES;
				CLANG_WARN_NON_LITERAL_NULL_CONVERSION = YES;
				CLANG_WARN_OBJC_IMPLICIT_RETAIN_SELF = YES;
				CLANG_WARN_OBJC_LITERAL_CONVERSION = YES;
				CLANG_WARN_OBJC_ROOT_CLASS = YES_ERROR;
				CLANG_WARN_QUOTED_INCLUDE_IN_FRAMEWORK_HEADER = YES;
				CLANG_WARN_RANGE_LOOP_ANALYSIS = YES;
				CLANG_WARN_STRICT_PROTOTYPES = YES;
				CLANG_WARN_SUSPICIOUS_MOVE = YES;
				CLANG_WARN_UNGUARDED_AVAILABILITY = YES_AGGRESSIVE;
				CLANG_WARN_UNREACHABLE_CODE = YES;
				CLANG_WARN__DUPLICATE_METHOD_MATCH = YES;
				COPY_PHASE_STRIP = NO;
				DEBUG_INFORMATION_FORMAT = dwarf;
				ENABLE_STRICT_OBJC_MSGSEND = YES;
				ENABLE_TESTABILITY = YES;
				GCC_C_LANGUAGE_STANDARD = gnu11;
				GCC_DYNAMIC_NO_PIC = NO;
				GCC_NO_COMMON_BLOCKS = YES;
				GCC_OPTIMIZATION_LEVEL = 0;
				GCC_PREPROCESSOR_DEFINITIONS = (
					"DEBUG=1",
					"$(inherited)",
				);
				GCC_WARN_64_TO_32_BIT_CONVERSION = YES;
				GCC_WARN_ABOUT_RETURN_TYPE = YES_ERROR;
				GCC_WARN_UNDECLARED_SELECTOR = YES;
				GCC_WARN_UNINITIALIZED_AUTOS = YES_AGGRESSIVE;
				GCC_WARN_UNUSED_FUNCTION = YES;
				GCC_WARN_UNUSED_VARIABLE = YES;
				IPHONEOS_DEPLOYMENT_TARGET = 14.0;
				MTL_ENABLE_DEBUG_INFO = INCLUDE_SOURCE;
				MTL_FAST_MATH = YES;
				ONLY_ACTIVE_ARCH = YES;
				SDKROOT = iphoneos;
				SWIFT_ACTIVE_COMPILATION_CONDITIONS = DEBUG;
				SWIFT_OPTIMIZATION_LEVEL = "-Onone";
			};
			name = Debug;
		};
		2E2C13F324C9B08E00946C8D /* Release */ = {
			isa = XCBuildConfiguration;
			buildSettings = {
				ALWAYS_SEARCH_USER_PATHS = NO;
				CLANG_ANALYZER_NONNULL = YES;
				CLANG_ANALYZER_NUMBER_OBJECT_CONVERSION = YES_AGGRESSIVE;
				CLANG_CXX_LANGUAGE_STANDARD = "gnu++14";
				CLANG_CXX_LIBRARY = "libc++";
				CLANG_ENABLE_MODULES = YES;
				CLANG_ENABLE_OBJC_ARC = YES;
				CLANG_ENABLE_OBJC_WEAK = YES;
				CLANG_WARN_BLOCK_CAPTURE_AUTORELEASING = YES;
				CLANG_WARN_BOOL_CONVERSION = YES;
				CLANG_WARN_COMMA = YES;
				CLANG_WARN_CONSTANT_CONVERSION = YES;
				CLANG_WARN_DEPRECATED_OBJC_IMPLEMENTATIONS = YES;
				CLANG_WARN_DIRECT_OBJC_ISA_USAGE = YES_ERROR;
				CLANG_WARN_DOCUMENTATION_COMMENTS = YES;
				CLANG_WARN_EMPTY_BODY = YES;
				CLANG_WARN_ENUM_CONVERSION = YES;
				CLANG_WARN_INFINITE_RECURSION = YES;
				CLANG_WARN_INT_CONVERSION = YES;
				CLANG_WARN_NON_LITERAL_NULL_CONVERSION = YES;
				CLANG_WARN_OBJC_IMPLICIT_RETAIN_SELF = YES;
				CLANG_WARN_OBJC_LITERAL_CONVERSION = YES;
				CLANG_WARN_OBJC_ROOT_CLASS = YES_ERROR;
				CLANG_WARN_QUOTED_INCLUDE_IN_FRAMEWORK_HEADER = YES;
				CLANG_WARN_RANGE_LOOP_ANALYSIS = YES;
				CLANG_WARN_STRICT_PROTOTYPES = YES;
				CLANG_WARN_SUSPICIOUS_MOVE = YES;
				CLANG_WARN_UNGUARDED_AVAILABILITY = YES_AGGRESSIVE;
				CLANG_WARN_UNREACHABLE_CODE = YES;
				CLANG_WARN__DUPLICATE_METHOD_MATCH = YES;
				COPY_PHASE_STRIP = NO;
				DEBUG_INFORMATION_FORMAT = "dwarf-with-dsym";
				ENABLE_NS_ASSERTIONS = NO;
				ENABLE_STRICT_OBJC_MSGSEND = YES;
				GCC_C_LANGUAGE_STANDARD = gnu11;
				GCC_NO_COMMON_BLOCKS = YES;
				GCC_WARN_64_TO_32_BIT_CONVERSION = YES;
				GCC_WARN_ABOUT_RETURN_TYPE = YES_ERROR;
				GCC_WARN_UNDECLARED_SELECTOR = YES;
				GCC_WARN_UNINITIALIZED_AUTOS = YES_AGGRESSIVE;
				GCC_WARN_UNUSED_FUNCTION = YES;
				GCC_WARN_UNUSED_VARIABLE = YES;
				IPHONEOS_DEPLOYMENT_TARGET = 14.0;
				MTL_ENABLE_DEBUG_INFO = NO;
				MTL_FAST_MATH = YES;
				SDKROOT = iphoneos;
				SWIFT_COMPILATION_MODE = wholemodule;
				SWIFT_OPTIMIZATION_LEVEL = "-O";
				VALIDATE_PRODUCT = YES;
			};
			name = Release;
		};
		2E2C13F524C9B08E00946C8D /* Debug */ = {
			isa = XCBuildConfiguration;
			buildSettings = {
				ASSETCATALOG_COMPILER_APPICON_NAME = AppIcon;
				ASSETCATALOG_COMPILER_GLOBAL_ACCENT_COLOR_NAME = AccentColor;
				CODE_SIGN_STYLE = Automatic;
				DEVELOPMENT_ASSET_PATHS = "\"CounterExam/Preview Content\"";
				DEVELOPMENT_TEAM = ZPKHN9888S;
				ENABLE_PREVIEWS = YES;
				INFOPLIST_FILE = CounterExam/Info.plist;
				IPHONEOS_DEPLOYMENT_TARGET = 14.0;
				LD_RUNPATH_SEARCH_PATHS = (
					"$(inherited)",
					"@executable_path/Frameworks",
				);
				PRODUCT_BUNDLE_IDENTIFIER = com.ergene.MatchedGeometryEffectExam1.CounterExam;
				PRODUCT_NAME = "$(TARGET_NAME)";
				SWIFT_VERSION = 5.0;
				TARGETED_DEVICE_FAMILY = "1,2";
			};
			name = Debug;
		};
		2E2C13F624C9B08E00946C8D /* Release */ = {
			isa = XCBuildConfiguration;
			buildSettings = {
				ASSETCATALOG_COMPILER_APPICON_NAME = AppIcon;
				ASSETCATALOG_COMPILER_GLOBAL_ACCENT_COLOR_NAME = AccentColor;
				CODE_SIGN_STYLE = Automatic;
				DEVELOPMENT_ASSET_PATHS = "\"CounterExam/Preview Content\"";
				DEVELOPMENT_TEAM = ZPKHN9888S;
				ENABLE_PREVIEWS = YES;
				INFOPLIST_FILE = CounterExam/Info.plist;
				IPHONEOS_DEPLOYMENT_TARGET = 14.0;
				LD_RUNPATH_SEARCH_PATHS = (
					"$(inherited)",
					"@executable_path/Frameworks",
				);
				PRODUCT_BUNDLE_IDENTIFIER = com.ergene.MatchedGeometryEffectExam1.CounterExam;
				PRODUCT_NAME = "$(TARGET_NAME)";
				SWIFT_VERSION = 5.0;
				TARGETED_DEVICE_FAMILY = "1,2";
			};
			name = Release;
		};
		2E2C13F824C9B08E00946C8D /* Debug */ = {
			isa = XCBuildConfiguration;
			buildSettings = {
				ALWAYS_EMBED_SWIFT_STANDARD_LIBRARIES = YES;
				BUNDLE_LOADER = "$(TEST_HOST)";
				CODE_SIGN_STYLE = Automatic;
				DEVELOPMENT_TEAM = ZPKHN9888S;
				INFOPLIST_FILE = CounterExamTests/Info.plist;
				IPHONEOS_DEPLOYMENT_TARGET = 14.0;
				LD_RUNPATH_SEARCH_PATHS = (
					"$(inherited)",
					"@executable_path/Frameworks",
					"@loader_path/Frameworks",
				);
				PRODUCT_BUNDLE_IDENTIFIER = com.ergene.MatchedGeometryEffectExam1.CounterExamTests;
				PRODUCT_NAME = "$(TARGET_NAME)";
				SWIFT_VERSION = 5.0;
				TARGETED_DEVICE_FAMILY = "1,2";
				TEST_HOST = "$(BUILT_PRODUCTS_DIR)/CounterExam.app/CounterExam";
			};
			name = Debug;
		};
		2E2C13F924C9B08E00946C8D /* Release */ = {
			isa = XCBuildConfiguration;
			buildSettings = {
				ALWAYS_EMBED_SWIFT_STANDARD_LIBRARIES = YES;
				BUNDLE_LOADER = "$(TEST_HOST)";
				CODE_SIGN_STYLE = Automatic;
				DEVELOPMENT_TEAM = ZPKHN9888S;
				INFOPLIST_FILE = CounterExamTests/Info.plist;
				IPHONEOS_DEPLOYMENT_TARGET = 14.0;
				LD_RUNPATH_SEARCH_PATHS = (
					"$(inherited)",
					"@executable_path/Frameworks",
					"@loader_path/Frameworks",
				);
				PRODUCT_BUNDLE_IDENTIFIER = com.ergene.MatchedGeometryEffectExam1.CounterExamTests;
				PRODUCT_NAME = "$(TARGET_NAME)";
				SWIFT_VERSION = 5.0;
				TARGETED_DEVICE_FAMILY = "1,2";
				TEST_HOST = "$(BUILT_PRODUCTS_DIR)/CounterExam.app/CounterExam";
			};
			name = Release;
		};
		2E2C13FB24C9B08E00946C8D /* Debug */ = {
			isa = XCBuildConfiguration;
			buildSettings = {
				ALWAYS_EMBED_SWIFT_STANDARD_LIBRARIES = YES;
				CODE_SIGN_STYLE = Automatic;
				DEVELOPMENT_TEAM = ZPKHN9888S;
				INFOPLIST_FILE = CounterExamUITests/Info.plist;
				LD_RUNPATH_SEARCH_PATHS = (
					"$(inherited)",
					"@executable_path/Frameworks",
					"@loader_path/Frameworks",
				);
				PRODUCT_BUNDLE_IDENTIFIER = com.ergene.MatchedGeometryEffectExam1.CounterExamUITests;
				PRODUCT_NAME = "$(TARGET_NAME)";
				SWIFT_VERSION = 5.0;
				TARGETED_DEVICE_FAMILY = "1,2";
				TEST_TARGET_NAME = CounterExam;
			};
			name = Debug;
		};
		2E2C13FC24C9B08E00946C8D /* Release */ = {
			isa = XCBuildConfiguration;
			buildSettings = {
				ALWAYS_EMBED_SWIFT_STANDARD_LIBRARIES = YES;
				CODE_SIGN_STYLE = Automatic;
				DEVELOPMENT_TEAM = ZPKHN9888S;
				INFOPLIST_FILE = CounterExamUITests/Info.plist;
				LD_RUNPATH_SEARCH_PATHS = (
					"$(inherited)",
					"@executable_path/Frameworks",
					"@loader_path/Frameworks",
				);
				PRODUCT_BUNDLE_IDENTIFIER = com.ergene.MatchedGeometryEffectExam1.CounterExamUITests;
				PRODUCT_NAME = "$(TARGET_NAME)";
				SWIFT_VERSION = 5.0;
				TARGETED_DEVICE_FAMILY = "1,2";
				TEST_TARGET_NAME = CounterExam;
			};
			name = Release;
		};
/* End XCBuildConfiguration section */

/* Begin XCConfigurationList section */
		2E2C13CA24C9B08D00946C8D /* Build configuration list for PBXProject "CounterExam" */ = {
			isa = XCConfigurationList;
			buildConfigurations = (
				2E2C13F224C9B08E00946C8D /* Debug */,
				2E2C13F324C9B08E00946C8D /* Release */,
			);
			defaultConfigurationIsVisible = 0;
			defaultConfigurationName = Release;
		};
		2E2C13F424C9B08E00946C8D /* Build configuration list for PBXNativeTarget "CounterExam" */ = {
			isa = XCConfigurationList;
			buildConfigurations = (
				2E2C13F524C9B08E00946C8D /* Debug */,
				2E2C13F624C9B08E00946C8D /* Release */,
			);
			defaultConfigurationIsVisible = 0;
			defaultConfigurationName = Release;
		};
		2E2C13F724C9B08E00946C8D /* Build configuration list for PBXNativeTarget "CounterExamTests" */ = {
			isa = XCConfigurationList;
			buildConfigurations = (
				2E2C13F824C9B08E00946C8D /* Debug */,
				2E2C13F924C9B08E00946C8D /* Release */,
			);
			defaultConfigurationIsVisible = 0;
			defaultConfigurationName = Release;
		};
		2E2C13FA24C9B08E00946C8D /* Build configuration list for PBXNativeTarget "CounterExamUITests" */ = {
			isa = XCConfigurationList;
			buildConfigurations = (
				2E2C13FB24C9B08E00946C8D /* Debug */,
				2E2C13FC24C9B08E00946C8D /* Release */,
			);
			defaultConfigurationIsVisible = 0;
			defaultConfigurationName = Release;
		};
/* End XCConfigurationList section */
	};
	rootObject = 2E2C13C724C9B08D00946C8D /* Project object */;
}
